
Microsoft Visual Studio Solution File, Format Version 12.00
Project("{FAE04EC0-301F-11D3-BF4B-00C04F79EFBC}") = "DotnetCologne", "DotnetCologne\DotnetCologne\DotnetCologne.csproj", "{AD47B8AF-861A-49CA-9525-12ECD1563461}"
EndProject
Project("{FAE04EC0-301F-11D3-BF4B-00C04F79EFBC}") = "DotnetCologne.Android", "DotnetCologne\DotnetCologne.Android\DotnetCologne.Android.csproj", "{4096AA77-BA8E-41D4-8E82-79C308EDA7F5}"
EndProject
Project("{FAE04EC0-301F-11D3-BF4B-00C04F79EFBC}") = "DotnetCologne.iOS", "DotnetCologne\DotnetCologne.iOS\DotnetCologne.iOS.csproj", "{D72E5E01-D536-4CB1-9FB4-A44E70A3F866}"
EndProject
Project("{FAE04EC0-301F-11D3-BF4B-00C04F79EFBC}") = "DotnetCologne.Test", "DotnetCologne.Test\DotnetCologne.Test.csproj", "{627B7B18-0256-4101-93FF-15473C1C78FD}"
EndProject
Global
	GlobalSection(SolutionConfigurationPlatforms) = preSolution
		Ad-Hoc|iPhone = Ad-Hoc|iPhone
		AppStore|iPhone = AppStore|iPhone
		Debug|Any CPU = Debug|Any CPU
		Debug|iPhone = Debug|iPhone
		Debug|iPhoneSimulator = Debug|iPhoneSimulator
		Release|Any CPU = Release|Any CPU
		Release|iPhone = Release|iPhone
		Release|iPhoneSimulator = Release|iPhoneSimulator
	EndGlobalSection
	GlobalSection(ProjectConfigurationPlatforms) = postSolution
		{AD47B8AF-861A-49CA-9525-12ECD1563461}.Ad-Hoc|iPhone.ActiveCfg = Debug|Any CPU
		{AD47B8AF-861A-49CA-9525-12ECD1563461}.Ad-Hoc|iPhone.Build.0 = Debug|Any CPU
		{AD47B8AF-861A-49CA-9525-12ECD1563461}.AppStore|iPhone.ActiveCfg = Debug|Any CPU
		{AD47B8AF-861A-49CA-9525-12ECD1563461}.AppStore|iPhone.Build.0 = Debug|Any CPU
		{AD47B8AF-861A-49CA-9525-12ECD1563461}.Debug|Any CPU.ActiveCfg = Debug|Any CPU
		{AD47B8AF-861A-49CA-9525-12ECD1563461}.Debug|Any CPU.Build.0 = Debug|Any CPU
		{AD47B8AF-861A-49CA-9525-12ECD1563461}.Debug|iPhone.ActiveCfg = Debug|Any CPU
		{AD47B8AF-861A-49CA-9525-12ECD1563461}.Debug|iPhone.Build.0 = Debug|Any CPU
		{AD47B8AF-861A-49CA-9525-12ECD1563461}.Debug|iPhoneSimulator.ActiveCfg = Debug|Any CPU
		{AD47B8AF-861A-49CA-9525-12ECD1563461}.Debug|iPhoneSimulator.Build.0 = Debug|Any CPU
		{AD47B8AF-861A-49CA-9525-12ECD1563461}.Release|Any CPU.ActiveCfg = Release|Any CPU
		{AD47B8AF-861A-49CA-9525-12ECD1563461}.Release|Any CPU.Build.0 = Release|Any CPU
		{AD47B8AF-861A-49CA-9525-12ECD1563461}.Release|iPhone.ActiveCfg = Release|Any CPU
		{AD47B8AF-861A-49CA-9525-12ECD1563461}.Release|iPhone.Build.0 = Release|Any CPU
		{AD47B8AF-861A-49CA-9525-12ECD1563461}.Release|iPhoneSimulator.ActiveCfg = Release|Any CPU
		{AD47B8AF-861A-49CA-9525-12ECD1563461}.Release|iPhoneSimulator.Build.0 = Release|Any CPU
		{4096AA77-BA8E-41D4-8E82-79C308EDA7F5}.Ad-Hoc|iPhone.ActiveCfg = Debug|Any CPU
		{4096AA77-BA8E-41D4-8E82-79C308EDA7F5}.Ad-Hoc|iPhone.Build.0 = Debug|Any CPU
		{4096AA77-BA8E-41D4-8E82-79C308EDA7F5}.Ad-Hoc|iPhone.Deploy.0 = Debug|Any CPU
		{4096AA77-BA8E-41D4-8E82-79C308EDA7F5}.AppStore|iPhone.ActiveCfg = Debug|Any CPU
		{4096AA77-BA8E-41D4-8E82-79C308EDA7F5}.AppStore|iPhone.Build.0 = Debug|Any CPU
		{4096AA77-BA8E-41D4-8E82-79C308EDA7F5}.AppStore|iPhone.Deploy.0 = Debug|Any CPU
		{4096AA77-BA8E-41D4-8E82-79C308EDA7F5}.Debug|Any CPU.ActiveCfg = Debug|Any CPU
		{4096AA77-BA8E-41D4-8E82-79C308EDA7F5}.Debug|Any CPU.Build.0 = Debug|Any CPU
		{4096AA77-BA8E-41D4-8E82-79C308EDA7F5}.Debug|Any CPU.Deploy.0 = Debug|Any CPU
		{4096AA77-BA8E-41D4-8E82-79C308EDA7F5}.Debug|iPhone.ActiveCfg = Debug|Any CPU
		{4096AA77-BA8E-41D4-8E82-79C308EDA7F5}.Debug|iPhone.Build.0 = Debug|Any CPU
		{4096AA77-BA8E-41D4-8E82-79C308EDA7F5}.Debug|iPhone.Deploy.0 = Debug|Any CPU
		{4096AA77-BA8E-41D4-8E82-79C308EDA7F5}.Debug|iPhoneSimulator.ActiveCfg = Debug|Any CPU
		{4096AA77-BA8E-41D4-8E82-79C308EDA7F5}.Debug|iPhoneSimulator.Build.0 = Debug|Any CPU
		{4096AA77-BA8E-41D4-8E82-79C308EDA7F5}.Debug|iPhoneSimulator.Deploy.0 = Debug|Any CPU
		{4096AA77-BA8E-41D4-8E82-79C308EDA7F5}.Release|Any CPU.ActiveCfg = Release|Any CPU
		{4096AA77-BA8E-41D4-8E82-79C308EDA7F5}.Release|Any CPU.Build.0 = Release|Any CPU
		{4096AA77-BA8E-41D4-8E82-79C308EDA7F5}.Release|Any CPU.Deploy.0 = Release|Any CPU
		{4096AA77-BA8E-41D4-8E82-79C308EDA7F5}.Release|iPhone.ActiveCfg = Release|Any CPU
		{4096AA77-BA8E-41D4-8E82-79C308EDA7F5}.Release|iPhone.Build.0 = Release|Any CPU
		{4096AA77-BA8E-41D4-8E82-79C308EDA7F5}.Release|iPhone.Deploy.0 = Release|Any CPU
		{4096AA77-BA8E-41D4-8E82-79C308EDA7F5}.Release|iPhoneSimulator.ActiveCfg = Release|Any CPU
		{4096AA77-BA8E-41D4-8E82-79C308EDA7F5}.Release|iPhoneSimulator.Build.0 = Release|Any CPU
		{4096AA77-BA8E-41D4-8E82-79C308EDA7F5}.Release|iPhoneSimulator.Deploy.0 = Release|Any CPU
		{D72E5E01-D536-4CB1-9FB4-A44E70A3F866}.Ad-Hoc|iPhone.ActiveCfg = Ad-Hoc|iPhone
		{D72E5E01-D536-4CB1-9FB4-A44E70A3F866}.Ad-Hoc|iPhone.Build.0 = Ad-Hoc|iPhone
		{D72E5E01-D536-4CB1-9FB4-A44E70A3F866}.Ad-Hoc|iPhone.Deploy.0 = Ad-Hoc|iPhone
		{D72E5E01-D536-4CB1-9FB4-A44E70A3F866}.AppStore|iPhone.ActiveCfg = AppStore|iPhone
		{D72E5E01-D536-4CB1-9FB4-A44E70A3F866}.AppStore|iPhone.Build.0 = AppStore|iPhone
		{D72E5E01-D536-4CB1-9FB4-A44E70A3F866}.AppStore|iPhone.Deploy.0 = AppStore|iPhone
		{D72E5E01-D536-4CB1-9FB4-A44E70A3F866}.Debug|Any CPU.ActiveCfg = Debug|iPhoneSimulator
		{D72E5E01-D536-4CB1-9FB4-A44E70A3F866}.Debug|Any CPU.Build.0 = Debug|iPhoneSimulator
		{D72E5E01-D536-4CB1-9FB4-A44E70A3F866}.Debug|Any CPU.Deploy.0 = Debug|iPhoneSimulator
		{D72E5E01-D536-4CB1-9FB4-A44E70A3F866}.Debug|iPhone.ActiveCfg = Debug|iPhone
		{D72E5E01-D536-4CB1-9FB4-A44E70A3F866}.Debug|iPhone.Build.0 = Debug|iPhone
		{D72E5E01-D536-4CB1-9FB4-A44E70A3F866}.Debug|iPhone.Deploy.0 = Debug|iPhone
		{D72E5E01-D536-4CB1-9FB4-A44E70A3F866}.Debug|iPhoneSimulator.ActiveCfg = Debug|iPhoneSimulator
		{D72E5E01-D536-4CB1-9FB4-A44E70A3F866}.Debug|iPhoneSimulator.Build.0 = Debug|iPhoneSimulator
		{D72E5E01-D536-4CB1-9FB4-A44E70A3F866}.Debug|iPhoneSimulator.Deploy.0 = Debug|iPhoneSimulator
		{D72E5E01-D536-4CB1-9FB4-A44E70A3F866}.Release|Any CPU.ActiveCfg = Release|iPhoneSimulator
		{D72E5E01-D536-4CB1-9FB4-A44E70A3F866}.Release|Any CPU.Build.0 = Release|iPhoneSimulator
		{D72E5E01-D536-4CB1-9FB4-A44E70A3F866}.Release|Any CPU.Deploy.0 = Release|iPhoneSimulator
		{D72E5E01-D536-4CB1-9FB4-A44E70A3F866}.Release|iPhone.ActiveCfg = Release|iPhone
		{D72E5E01-D536-4CB1-9FB4-A44E70A3F866}.Release|iPhone.Build.0 = Release|iPhone
		{D72E5E01-D536-4CB1-9FB4-A44E70A3F866}.Release|iPhone.Deploy.0 = Release|iPhone
		{D72E5E01-D536-4CB1-9FB4-A44E70A3F866}.Release|iPhoneSimulator.ActiveCfg = Release|iPhoneSimulator
		{D72E5E01-D536-4CB1-9FB4-A44E70A3F866}.Release|iPhoneSimulator.Build.0 = Release|iPhoneSimulator
		{D72E5E01-D536-4CB1-9FB4-A44E70A3F866}.Release|iPhoneSimulator.Deploy.0 = Release|iPhoneSimulator
		{627B7B18-0256-4101-93FF-15473C1C78FD}.Ad-Hoc|iPhone.ActiveCfg = Debug|Any CPU
		{627B7B18-0256-4101-93FF-15473C1C78FD}.Ad-Hoc|iPhone.Build.0 = Debug|Any CPU
		{627B7B18-0256-4101-93FF-15473C1C78FD}.AppStore|iPhone.ActiveCfg = Debug|Any CPU
		{627B7B18-0256-4101-93FF-15473C1C78FD}.AppStore|iPhone.Build.0 = Debug|Any CPU
		{627B7B18-0256-4101-93FF-15473C1C78FD}.Debug|Any CPU.ActiveCfg = Debug|Any CPU
		{627B7B18-0256-4101-93FF-15473C1C78FD}.Debug|Any CPU.Build.0 = Debug|Any CPU
		{627B7B18-0256-4101-93FF-15473C1C78FD}.Debug|iPhone.ActiveCfg = Debug|Any CPU
		{627B7B18-0256-4101-93FF-15473C1C78FD}.Debug|iPhone.Build.0 = Debug|Any CPU
		{627B7B18-0256-4101-93FF-15473C1C78FD}.Debug|iPhoneSimulator.ActiveCfg = Debug|Any CPU
		{627B7B18-0256-4101-93FF-15473C1C78FD}.Debug|iPhoneSimulator.Build.0 = Debug|Any CPU
		{627B7B18-0256-4101-93FF-15473C1C78FD}.Release|Any CPU.ActiveCfg = Release|Any CPU
		{627B7B18-0256-4101-93FF-15473C1C78FD}.Release|Any CPU.Build.0 = Release|Any CPU
		{627B7B18-0256-4101-93FF-15473C1C78FD}.Release|iPhone.ActiveCfg = Release|Any CPU
		{627B7B18-0256-4101-93FF-15473C1C78FD}.Release|iPhone.Build.0 = Release|Any CPU
		{627B7B18-0256-4101-93FF-15473C1C78FD}.Release|iPhoneSimulator.ActiveCfg = Release|Any CPU
		{627B7B18-0256-4101-93FF-15473C1C78FD}.Release|iPhoneSimulator.Build.0 = Release|Any CPU
	EndGlobalSection
EndGlobal
